// !$*UTF8*$!
{
	archiveVersion = 1;
	classes = {
	};
	objectVersion = 46;
	objects = {

/* Begin PBXBuildFile section */
		3F3C6CC81B28ACC600034CC7 /* main.m in Sources */ = {isa = PBXBuildFile; fileRef = 3F3C6CC71B28ACC600034CC7 /* main.m */; };
		3F3C6CCB1B28ACC600034CC7 /* AppDelegate.m in Sources */ = {isa = PBXBuildFile; fileRef = 3F3C6CCA1B28ACC600034CC7 /* AppDelegate.m */; };
		3F3C6CCE1B28ACC600034CC7 /* ViewController.m in Sources */ = {isa = PBXBuildFile; fileRef = 3F3C6CCD1B28ACC600034CC7 /* ViewController.m */; };
		3F3C6CD11B28ACC600034CC7 /* Main.storyboard in Resources */ = {isa = PBXBuildFile; fileRef = 3F3C6CCF1B28ACC600034CC7 /* Main.storyboard */; };
		3F3C6CD31B28ACC600034CC7 /* Images.xcassets in Resources */ = {isa = PBXBuildFile; fileRef = 3F3C6CD21B28ACC600034CC7 /* Images.xcassets */; };
		3F3C6CD61B28ACC600034CC7 /* LaunchScreen.xib in Resources */ = {isa = PBXBuildFile; fileRef = 3F3C6CD41B28ACC600034CC7 /* LaunchScreen.xib */; };
		3F3C6CE21B28ACC600034CC7 /* FloatingMenuTests.m in Sources */ = {isa = PBXBuildFile; fileRef = 3F3C6CE11B28ACC600034CC7 /* FloatingMenuTests.m */; };
		3F3C6CED1B28B46400034CC7 /* FloatingButton.m in Sources */ = {isa = PBXBuildFile; fileRef = 3F3C6CEC1B28B46400034CC7 /* FloatingButton.m */; };
		3F3C6CF31B28B92200034CC7 /* UIColor+ExtraColors.m in Sources */ = {isa = PBXBuildFile; fileRef = 3F3C6CF21B28B92200034CC7 /* UIColor+ExtraColors.m */; };
		3F3C6CF61B28D63900034CC7 /* FloatingMenuController.m in Sources */ = {isa = PBXBuildFile; fileRef = 3F3C6CF51B28D63900034CC7 /* FloatingMenuController.m */; };
/* End PBXBuildFile section */

/* Begin PBXContainerItemProxy section */
		3F3C6CDC1B28ACC600034CC7 /* PBXContainerItemProxy */ = {
			isa = PBXContainerItemProxy;
			containerPortal = 3F3C6CBA1B28ACC600034CC7 /* Project object */;
			proxyType = 1;
			remoteGlobalIDString = 3F3C6CC11B28ACC600034CC7;
			remoteInfo = FloatingMenu;
		};
/* End PBXContainerItemProxy section */

/* Begin PBXFileReference section */
		3F3C6CC21B28ACC600034CC7 /* FloatingMenu.app */ = {isa = PBXFileReference; explicitFileType = wrapper.application; includeInIndex = 0; path = FloatingMenu.app; sourceTree = BUILT_PRODUCTS_DIR; };
		3F3C6CC61B28ACC600034CC7 /* Info.plist */ = {isa = PBXFileReference; lastKnownFileType = text.plist.xml; path = Info.plist; sourceTree = "<group>"; };
		3F3C6CC71B28ACC600034CC7 /* main.m */ = {isa = PBXFileReference; lastKnownFileType = sourcecode.c.objc; path = main.m; sourceTree = "<group>"; };
		3F3C6CC91B28ACC600034CC7 /* AppDelegate.h */ = {isa = PBXFileReference; lastKnownFileType = sourcecode.c.h; path = AppDelegate.h; sourceTree = "<group>"; };
		3F3C6CCA1B28ACC600034CC7 /* AppDelegate.m */ = {isa = PBXFileReference; lastKnownFileType = sourcecode.c.objc; path = AppDelegate.m; sourceTree = "<group>"; };
		3F3C6CCC1B28ACC600034CC7 /* ViewController.h */ = {isa = PBXFileReference; lastKnownFileType = sourcecode.c.h; path = ViewController.h; sourceTree = "<group>"; };
		3F3C6CCD1B28ACC600034CC7 /* ViewController.m */ = {isa = PBXFileReference; lastKnownFileType = sourcecode.c.objc; path = ViewController.m; sourceTree = "<group>"; };
		3F3C6CD01B28ACC600034CC7 /* Base */ = {isa = PBXFileReference; lastKnownFileType = file.storyboard; name = Base; path = Base.lproj/Main.storyboard; sourceTree = "<group>"; };
		3F3C6CD21B28ACC600034CC7 /* Images.xcassets */ = {isa = PBXFileReference; lastKnownFileType = folder.assetcatalog; path = Images.xcassets; sourceTree = "<group>"; };
		3F3C6CD51B28ACC600034CC7 /* Base */ = {isa = PBXFileReference; lastKnownFileType = file.xib; name = Base; path = Base.lproj/LaunchScreen.xib; sourceTree = "<group>"; };
		3F3C6CDB1B28ACC600034CC7 /* FloatingMenuTests.xctest */ = {isa = PBXFileReference; explicitFileType = wrapper.cfbundle; includeInIndex = 0; path = FloatingMenuTests.xctest; sourceTree = BUILT_PRODUCTS_DIR; };
		3F3C6CE01B28ACC600034CC7 /* Info.plist */ = {isa = PBXFileReference; lastKnownFileType = text.plist.xml; path = Info.plist; sourceTree = "<group>"; };
		3F3C6CE11B28ACC600034CC7 /* FloatingMenuTests.m */ = {isa = PBXFileReference; lastKnownFileType = sourcecode.c.objc; path = FloatingMenuTests.m; sourceTree = "<group>"; };
		3F3C6CEB1B28B46400034CC7 /* FloatingButton.h */ = {isa = PBXFileReference; fileEncoding = 4; lastKnownFileType = sourcecode.c.h; path = FloatingButton.h; sourceTree = "<group>"; };
		3F3C6CEC1B28B46400034CC7 /* FloatingButton.m */ = {isa = PBXFileReference; fileEncoding = 4; lastKnownFileType = sourcecode.c.objc; path = FloatingButton.m; sourceTree = "<group>"; };
		3F3C6CF11B28B92200034CC7 /* UIColor+ExtraColors.h */ = {isa = PBXFileReference; fileEncoding = 4; lastKnownFileType = sourcecode.c.h; path = "UIColor+ExtraColors.h"; sourceTree = "<group>"; };
		3F3C6CF21B28B92200034CC7 /* UIColor+ExtraColors.m */ = {isa = PBXFileReference; fileEncoding = 4; lastKnownFileType = sourcecode.c.objc; path = "UIColor+ExtraColors.m"; sourceTree = "<group>"; };
		3F3C6CF41B28D63900034CC7 /* FloatingMenuController.h */ = {isa = PBXFileReference; fileEncoding = 4; lastKnownFileType = sourcecode.c.h; path = FloatingMenuController.h; sourceTree = "<group>"; };
		3F3C6CF51B28D63900034CC7 /* FloatingMenuController.m */ = {isa = PBXFileReference; fileEncoding = 4; lastKnownFileType = sourcecode.c.objc; path = FloatingMenuController.m; sourceTree = "<group>"; };
/* End PBXFileReference section */

/* Begin PBXFrameworksBuildPhase section */
		3F3C6CBF1B28ACC600034CC7 /* Frameworks */ = {
			isa = PBXFrameworksBuildPhase;
			buildActionMask = 2147483647;
			files = (
			);
			runOnlyForDeploymentPostprocessing = 0;
		};
		3F3C6CD81B28ACC600034CC7 /* Frameworks */ = {
			isa = PBXFrameworksBuildPhase;
			buildActionMask = 2147483647;
			files = (
			);
			runOnlyForDeploymentPostprocessing = 0;
		};
/* End PBXFrameworksBuildPhase section */

/* Begin PBXGroup section */
		3F3C6CB91B28ACC600034CC7 = {
			isa = PBXGroup;
			children = (
				3F3C6CC41B28ACC600034CC7 /* FloatingMenu */,
				3F3C6CDE1B28ACC600034CC7 /* FloatingMenuTests */,
				3F3C6CC31B28ACC600034CC7 /* Products */,
			);
			sourceTree = "<group>";
		};
		3F3C6CC31B28ACC600034CC7 /* Products */ = {
			isa = PBXGroup;
			children = (
				3F3C6CC21B28ACC600034CC7 /* FloatingMenu.app */,
				3F3C6CDB1B28ACC600034CC7 /* FloatingMenuTests.xctest */,
			);
			name = Products;
			sourceTree = "<group>";
		};
		3F3C6CC41B28ACC600034CC7 /* FloatingMenu */ = {
			isa = PBXGroup;
			children = (
				3F3C6CF11B28B92200034CC7 /* UIColor+ExtraColors.h */,
				3F3C6CF21B28B92200034CC7 /* UIColor+ExtraColors.m */,
				3F3C6CC91B28ACC600034CC7 /* AppDelegate.h */,
				3F3C6CCA1B28ACC600034CC7 /* AppDelegate.m */,
				3F3C6CCC1B28ACC600034CC7 /* ViewController.h */,
				3F3C6CCD1B28ACC600034CC7 /* ViewController.m */,
				3F3C6CEB1B28B46400034CC7 /* FloatingButton.h */,
				3F3C6CEC1B28B46400034CC7 /* FloatingButton.m */,
				3F3C6CF41B28D63900034CC7 /* FloatingMenuController.h */,
				3F3C6CF51B28D63900034CC7 /* FloatingMenuController.m */,
				3F3C6CD21B28ACC600034CC7 /* Images.xcassets */,
				3F3C6CCF1B28ACC600034CC7 /* Main.storyboard */,
				3F3C6CD41B28ACC600034CC7 /* LaunchScreen.xib */,
				3F3C6CC51B28ACC600034CC7 /* Supporting Files */,
			);
			path = FloatingMenu;
			sourceTree = "<group>";
		};
		3F3C6CC51B28ACC600034CC7 /* Supporting Files */ = {
			isa = PBXGroup;
			children = (
				3F3C6CC61B28ACC600034CC7 /* Info.plist */,
				3F3C6CC71B28ACC600034CC7 /* main.m */,
			);
			name = "Supporting Files";
			sourceTree = "<group>";
		};
		3F3C6CDE1B28ACC600034CC7 /* FloatingMenuTests */ = {
			isa = PBXGroup;
			children = (
				3F3C6CE11B28ACC600034CC7 /* FloatingMenuTests.m */,
				3F3C6CDF1B28ACC600034CC7 /* Supporting Files */,
			);
			path = FloatingMenuTests;
			sourceTree = "<group>";
		};
		3F3C6CDF1B28ACC600034CC7 /* Supporting Files */ = {
			isa = PBXGroup;
			children = (
				3F3C6CE01B28ACC600034CC7 /* Info.plist */,
			);
			name = "Supporting Files";
			sourceTree = "<group>";
		};
/* End PBXGroup section */

/* Begin PBXNativeTarget section */
		3F3C6CC11B28ACC600034CC7 /* FloatingMenu */ = {
			isa = PBXNativeTarget;
			buildConfigurationList = 3F3C6CE51B28ACC600034CC7 /* Build configuration list for PBXNativeTarget "FloatingMenu" */;
			buildPhases = (
				3F3C6CBE1B28ACC600034CC7 /* Sources */,
				3F3C6CBF1B28ACC600034CC7 /* Frameworks */,
				3F3C6CC01B28ACC600034CC7 /* Resources */,
			);
			buildRules = (
			);
			dependencies = (
			);
			name = FloatingMenu;
			productName = FloatingMenu;
			productReference = 3F3C6CC21B28ACC600034CC7 /* FloatingMenu.app */;
			productType = "com.apple.product-type.application";
		};
		3F3C6CDA1B28ACC600034CC7 /* FloatingMenuTests */ = {
			isa = PBXNativeTarget;
			buildConfigurationList = 3F3C6CE81B28ACC600034CC7 /* Build configuration list for PBXNativeTarget "FloatingMenuTests" */;
			buildPhases = (
				3F3C6CD71B28ACC600034CC7 /* Sources */,
				3F3C6CD81B28ACC600034CC7 /* Frameworks */,
				3F3C6CD91B28ACC600034CC7 /* Resources */,
			);
			buildRules = (
			);
			dependencies = (
				3F3C6CDD1B28ACC600034CC7 /* PBXTargetDependency */,
			);
			name = FloatingMenuTests;
			productName = FloatingMenuTests;
			productReference = 3F3C6CDB1B28ACC600034CC7 /* FloatingMenuTests.xctest */;
			productType = "com.apple.product-type.bundle.unit-test";
		};
/* End PBXNativeTarget section */

/* Begin PBXProject section */
		3F3C6CBA1B28ACC600034CC7 /* Project object */ = {
			isa = PBXProject;
			attributes = {
				LastUpgradeCheck = 0630;
				ORGANIZATIONNAME = "Jeremy Petter";
				TargetAttributes = {
					3F3C6CC11B28ACC600034CC7 = {
						CreatedOnToolsVersion = 6.3.2;
					};
					3F3C6CDA1B28ACC600034CC7 = {
						CreatedOnToolsVersion = 6.3.2;
						TestTargetID = 3F3C6CC11B28ACC600034CC7;
					};
				};
			};
			buildConfigurationList = 3F3C6CBD1B28ACC600034CC7 /* Build configuration list for PBXProject "FloatingMenu" */;
			compatibilityVersion = "Xcode 3.2";
			developmentRegion = English;
			hasScannedForEncodings = 0;
			knownRegions = (
				en,
				Base,
			);
			mainGroup = 3F3C6CB91B28ACC600034CC7;
			productRefGroup = 3F3C6CC31B28ACC600034CC7 /* Products */;
			projectDirPath = "";
			projectRoot = "";
			targets = (
				3F3C6CC11B28ACC600034CC7 /* FloatingMenu */,
				3F3C6CDA1B28ACC600034CC7 /* FloatingMenuTests */,
			);
		};
/* End PBXProject section */

/* Begin PBXResourcesBuildPhase section */
		3F3C6CC01B28ACC600034CC7 /* Resources */ = {
			isa = PBXResourcesBuildPhase;
			buildActionMask = 2147483647;
			files = (
				3F3C6CD11B28ACC600034CC7 /* Main.storyboard in Resources */,
				3F3C6CD61B28ACC600034CC7 /* LaunchScreen.xib in Resources */,
				3F3C6CD31B28ACC600034CC7 /* Images.xcassets in Resources */,
			);
			runOnlyForDeploymentPostprocessing = 0;
		};
		3F3C6CD91B28ACC600034CC7 /* Resources */ = {
			isa = PBXResourcesBuildPhase;
			buildActionMask = 2147483647;
			files = (
			);
			runOnlyForDeploymentPostprocessing = 0;
		};
/* End PBXResourcesBuildPhase section */

/* Begin PBXSourcesBuildPhase section */
		3F3C6CBE1B28ACC600034CC7 /* Sources */ = {
			isa = PBXSourcesBuildPhase;
			buildActionMask = 2147483647;
			files = (
				3F3C6CCE1B28ACC600034CC7 /* ViewController.m in Sources */,
				3F3C6CCB1B28ACC600034CC7 /* AppDelegate.m in Sources */,
				3F3C6CF61B28D63900034CC7 /* FloatingMenuController.m in Sources */,
				3F3C6CF31B28B92200034CC7 /* UIColor+ExtraColors.m in Sources */,
				3F3C6CC81B28ACC600034CC7 /* main.m in Sources */,
				3F3C6CED1B28B46400034CC7 /* FloatingButton.m in Sources */,
			);
			runOnlyForDeploymentPostprocessing = 0;
		};
		3F3C6CD71B28ACC600034CC7 /* Sources */ = {
			isa = PBXSourcesBuildPhase;
			buildActionMask = 2147483647;
			files = (
				3F3C6CE21B28ACC600034CC7 /* FloatingMenuTests.m in Sources */,
			);
			runOnlyForDeploymentPostprocessing = 0;
		};
/* End PBXSourcesBuildPhase section */

/* Begin PBXTargetDependency section */
		3F3C6CDD1B28ACC600034CC7 /* PBXTargetDependency */ = {
			isa = PBXTargetDependency;
			target = 3F3C6CC11B28ACC600034CC7 /* FloatingMenu */;
			targetProxy = 3F3C6CDC1B28ACC600034CC7 /* PBXContainerItemProxy */;
		};
/* End PBXTargetDependency section */

/* Begin PBXVariantGroup section */
		3F3C6CCF1B28ACC600034CC7 /* Main.storyboard */ = {
			isa = PBXVariantGroup;
			children = (
				3F3C6CD01B28ACC600034CC7 /* Base */,
			);
			name = Main.storyboard;
			sourceTree = "<group>";
		};
		3F3C6CD41B28ACC600034CC7 /* LaunchScreen.xib */ = {
			isa = PBXVariantGroup;
			children = (
				3F3C6CD51B28ACC600034CC7 /* Base */,
			);
			name = LaunchScreen.xib;
			sourceTree = "<group>";
		};
/* End PBXVariantGroup section */

/* Begin XCBuildConfiguration section */
		3F3C6CE31B28ACC600034CC7 /* Debug */ = {
			isa = XCBuildConfiguration;
			buildSettings = {
				ALWAYS_SEARCH_USER_PATHS = NO;
				CLANG_CXX_LANGUAGE_STANDARD = "gnu++0x";
				CLANG_CXX_LIBRARY = "libc++";
				CLANG_ENABLE_MODULES = YES;
				CLANG_ENABLE_OBJC_ARC = YES;
				CLANG_WARN_BOOL_CONVERSION = YES;
				CLANG_WARN_CONSTANT_CONVERSION = YES;
				CLANG_WARN_DIRECT_OBJC_ISA_USAGE = YES_ERROR;
				CLANG_WARN_EMPTY_BODY = YES;
				CLANG_WARN_ENUM_CONVERSION = YES;
				CLANG_WARN_INT_CONVERSION = YES;
				CLANG_WARN_OBJC_ROOT_CLASS = YES_ERROR;
				CLANG_WARN_UNREACHABLE_CODE = YES;
				CLANG_WARN__DUPLICATE_METHOD_MATCH = YES;
				"CODE_SIGN_IDENTITY[sdk=iphoneos*]" = "iPhone Developer";
				COPY_PHASE_STRIP = NO;
				DEBUG_INFORMATION_FORMAT = "dwarf-with-dsym";
				ENABLE_STRICT_OBJC_MSGSEND = YES;
				GCC_C_LANGUAGE_STANDARD = gnu99;
				GCC_DYNAMIC_NO_PIC = NO;
				GCC_NO_COMMON_BLOCKS = YES;
				GCC_OPTIMIZATION_LEVEL = 0;
				GCC_PREPROCESSOR_DEFINITIONS = (
					"DEBUG=1",
					"$(inherited)",
				);
				GCC_SYMBOLS_PRIVATE_EXTERN = NO;
				GCC_WARN_64_TO_32_BIT_CONVERSION = YES;
				GCC_WARN_ABOUT_RETURN_TYPE = YES_ERROR;
				GCC_WARN_UNDECLARED_SELECTOR = YES;
				GCC_WARN_UNINITIALIZED_AUTOS = YES_AGGRESSIVE;
				GCC_WARN_UNUSED_FUNCTION = YES;
				GCC_WARN_UNUSED_VARIABLE = YES;
				IPHONEOS_DEPLOYMENT_TARGET = 8.3;
				MTL_ENABLE_DEBUG_INFO = YES;
				ONLY_ACTIVE_ARCH = YES;
				SDKROOT = iphoneos;
			};
			name = Debug;
		};
		3F3C6CE41B28ACC600034CC7 /* Release */ = {
			isa = XCBuildConfiguration;
			buildSettings = {
				ALWAYS_SEARCH_USER_PATHS = NO;
				CLANG_CXX_LANGUAGE_STANDARD = "gnu++0x";
				CLANG_CXX_LIBRARY = "libc++";
				CLANG_ENABLE_MODULES = YES;
				CLANG_ENABLE_OBJC_ARC = YES;
				CLANG_WARN_BOOL_CONVERSION = YES;
				CLANG_WARN_CONSTANT_CONVERSION = YES;
				CLANG_WARN_DIRECT_OBJC_ISA_USAGE = YES_ERROR;
				CLANG_WARN_EMPTY_BODY = YES;
				CLANG_WARN_ENUM_CONVERSION = YES;
				CLANG_WARN_INT_CONVERSION = YES;
				CLANG_WARN_OBJC_ROOT_CLASS = YES_ERROR;
				CLANG_WARN_UNREACHABLE_CODE = YES;
				CLANG_WARN__DUPLICATE_METHOD_MATCH = YES;
				"CODE_SIGN_IDENTITY[sdk=iphoneos*]" = "iPhone Developer";
				COPY_PHASE_STRIP = NO;
				DEBUG_INFORMATION_FORMAT = "dwarf-with-dsym";
				ENABLE_NS_ASSERTIONS = NO;
				ENABLE_STRICT_OBJC_MSGSEND = YES;
				GCC_C_LANGUAGE_STANDARD = gnu99;
				GCC_NO_COMMON_BLOCKS = YES;
				GCC_WARN_64_TO_32_BIT_CONVERSION = YES;
				GCC_WARN_ABOUT_RETURN_TYPE = YES_ERROR;
				GCC_WARN_UNDECLARED_SELECTOR = YES;
				GCC_WARN_UNINITIALIZED_AUTOS = YES_AGGRESSIVE;
				GCC_WARN_UNUSED_FUNCTION = YES;
				GCC_WARN_UNUSED_VARIABLE = YES;
				IPHONEOS_DEPLOYMENT_TARGET = 8.3;
				MTL_ENABLE_DEBUG_INFO = NO;
				SDKROOT = iphoneos;
				VALIDATE_PRODUCT = YES;
			};
			name = Release;
		};
		3F3C6CE61B28ACC600034CC7 /* Debug */ = {
			isa = XCBuildConfiguration;
			buildSettings = {
				ASSETCATALOG_COMPILER_APPICON_NAME = AppIcon;
				INFOPLIST_FILE = FloatingMenu/Info.plist;
				LD_RUNPATH_SEARCH_PATHS = "$(inherited) @executable_path/Frameworks";
				PRODUCT_NAME = "$(TARGET_NAME)";
			};
			name = Debug;
		};
		3F3C6CE71B28ACC600034CC7 /* Release */ = {
			isa = XCBuildConfiguration;
			buildSettings = {
				ASSETCATALOG_COMPILER_APPICON_NAME = AppIcon;
				INFOPLIST_FILE = FloatingMenu/Info.plist;
				LD_RUNPATH_SEARCH_PATHS = "$(inherited) @executable_path/Frameworks";
				PRODUCT_NAME = "$(TARGET_NAME)";
			};
			name = Release;
		};
		3F3C6CE91B28ACC600034CC7 /* Debug */ = {
			isa = XCBuildConfiguration;
			buildSettings = {
				BUNDLE_LOADER = "$(TEST_HOST)";
				FRAMEWORK_SEARCH_PATHS = (
					"$(SDKROOT)/Developer/Library/Frameworks",
					"$(inherited)",
				);
				GCC_PREPROCESSOR_DEFINITIONS = (
					"DEBUG=1",
					"$(inherited)",
				);
				INFOPLIST_FILE = FloatingMenuTests/Info.plist;
				LD_RUNPATH_SEARCH_PATHS = "$(inherited) @executable_path/Frameworks @loader_path/Frameworks";
				PRODUCT_NAME = "$(TARGET_NAME)";
				TEST_HOST = "$(BUILT_PRODUCTS_DIR)/FloatingMenu.app/FloatingMenu";
			};
			name = Debug;
		};
		3F3C6CEA1B28ACC600034CC7 /* Release */ = {
			isa = XCBuildConfiguration;
			buildSettings = {
				BUNDLE_LOADER = "$(TEST_HOST)";
				FRAMEWORK_SEARCH_PATHS = (
					"$(SDKROOT)/Developer/Library/Frameworks",
					"$(inherited)",
				);
				INFOPLIST_FILE = FloatingMenuTests/Info.plist;
				LD_RUNPATH_SEARCH_PATHS = "$(inherited) @executable_path/Frameworks @loader_path/Frameworks";
				PRODUCT_NAME = "$(TARGET_NAME)";
				TEST_HOST = "$(BUILT_PRODUCTS_DIR)/FloatingMenu.app/FloatingMenu";
			};
			name = Release;
		};
/* End XCBuildConfiguration section */

/* Begin XCConfigurationList section */
		3F3C6CBD1B28ACC600034CC7 /* Build configuration list for PBXProject "FloatingMenu" */ = {
			isa = XCConfigurationList;
			buildConfigurations = (
				3F3C6CE31B28ACC600034CC7 /* Debug */,
				3F3C6CE41B28ACC600034CC7 /* Release */,
			);
			defaultConfigurationIsVisible = 0;
			defaultConfigurationName = Release;
		};
		3F3C6CE51B28ACC600034CC7 /* Build configuration list for PBXNativeTarget "FloatingMenu" */ = {
			isa = XCConfigurationList;
			buildConfigurations = (
				3F3C6CE61B28ACC600034CC7 /* Debug */,
				3F3C6CE71B28ACC600034CC7 /* Release */,
			);
			defaultConfigurationIsVisible = 0;
		};
		3F3C6CE81B28ACC600034CC7 /* Build configuration list for PBXNativeTarget "FloatingMenuTests" */ = {
			isa = XCConfigurationList;
			buildConfigurations = (
				3F3C6CE91B28ACC600034CC7 /* Debug */,
				3F3C6CEA1B28ACC600034CC7 /* Release */,
			);
			defaultConfigurationIsVisible = 0;
		};
/* End XCConfigurationList section */
	};
	rootObject = 3F3C6CBA1B28ACC600034CC7 /* Project object */;
}
